
Microsoft Visual Studio Solution File, Format Version 12.00
# Visual Studio 14
VisualStudioVersion = 14.0.24720.0
MinimumVisualStudioVersion = 10.0.40219.1
Project("{FAE04EC0-301F-11D3-BF4B-00C04F79EFBC}") = "SavedItXF", "SavedItXF\SavedItXF\SavedItXF.csproj", "{77D49758-9C03-4CB2-8D34-5BC6FE3407C5}"
EndProject
Project("{FAE04EC0-301F-11D3-BF4B-00C04F79EFBC}") = "SavedItXF.iOS", "SavedItXF\SavedItXF.iOS\SavedItXF.iOS.csproj", "{04DC74DF-69AF-42AC-BF69-1CA9CDE94A81}"
EndProject
Project("{FAE04EC0-301F-11D3-BF4B-00C04F79EFBC}") = "SavedItXF.Droid", "SavedItXF\SavedItXF.Droid\SavedItXF.Droid.csproj", "{1477ABDA-674F-44B7-9BD1-0127B64E6807}"
EndProject
Project("{2150E333-8FDC-42A3-9474-1A3956D46DE8}") = "Solution Items", "Solution Items", "{6C2DD244-3AE5-4852-A8CF-7619F5AACDDB}"
	ProjectSection(SolutionItems) = preProject
		license.txt = license.txt
	EndProjectSection
EndProject
Global
	GlobalSection(SolutionConfigurationPlatforms) = preSolution
		Ad-Hoc|Any CPU = Ad-Hoc|Any CPU
		Ad-Hoc|ARM = Ad-Hoc|ARM
		Ad-Hoc|iPhone = Ad-Hoc|iPhone
		Ad-Hoc|iPhoneSimulator = Ad-Hoc|iPhoneSimulator
		Ad-Hoc|x86 = Ad-Hoc|x86
		AppStore|Any CPU = AppStore|Any CPU
		AppStore|ARM = AppStore|ARM
		AppStore|iPhone = AppStore|iPhone
		AppStore|iPhoneSimulator = AppStore|iPhoneSimulator
		AppStore|x86 = AppStore|x86
		Debug|Any CPU = Debug|Any CPU
		Debug|ARM = Debug|ARM
		Debug|iPhone = Debug|iPhone
		Debug|iPhoneSimulator = Debug|iPhoneSimulator
		Debug|x86 = Debug|x86
		Release|Any CPU = Release|Any CPU
		Release|ARM = Release|ARM
		Release|iPhone = Release|iPhone
		Release|iPhoneSimulator = Release|iPhoneSimulator
		Release|x86 = Release|x86
	EndGlobalSection
	GlobalSection(ProjectConfigurationPlatforms) = postSolution
		{77D49758-9C03-4CB2-8D34-5BC6FE3407C5}.Ad-Hoc|Any CPU.ActiveCfg = Release|Any CPU
		{77D49758-9C03-4CB2-8D34-5BC6FE3407C5}.Ad-Hoc|Any CPU.Build.0 = Release|Any CPU
		{77D49758-9C03-4CB2-8D34-5BC6FE3407C5}.Ad-Hoc|ARM.ActiveCfg = Release|Any CPU
		{77D49758-9C03-4CB2-8D34-5BC6FE3407C5}.Ad-Hoc|ARM.Build.0 = Release|Any CPU
		{77D49758-9C03-4CB2-8D34-5BC6FE3407C5}.Ad-Hoc|iPhone.ActiveCfg = Release|Any CPU
		{77D49758-9C03-4CB2-8D34-5BC6FE3407C5}.Ad-Hoc|iPhone.Build.0 = Release|Any CPU
		{77D49758-9C03-4CB2-8D34-5BC6FE3407C5}.Ad-Hoc|iPhoneSimulator.ActiveCfg = Release|Any CPU
		{77D49758-9C03-4CB2-8D34-5BC6FE3407C5}.Ad-Hoc|iPhoneSimulator.Build.0 = Release|Any CPU
		{77D49758-9C03-4CB2-8D34-5BC6FE3407C5}.Ad-Hoc|x86.ActiveCfg = Release|Any CPU
		{77D49758-9C03-4CB2-8D34-5BC6FE3407C5}.Ad-Hoc|x86.Build.0 = Release|Any CPU
		{77D49758-9C03-4CB2-8D34-5BC6FE3407C5}.AppStore|Any CPU.ActiveCfg = Release|Any CPU
		{77D49758-9C03-4CB2-8D34-5BC6FE3407C5}.AppStore|Any CPU.Build.0 = Release|Any CPU
		{77D49758-9C03-4CB2-8D34-5BC6FE3407C5}.AppStore|ARM.ActiveCfg = Release|Any CPU
		{77D49758-9C03-4CB2-8D34-5BC6FE3407C5}.AppStore|ARM.Build.0 = Release|Any CPU
		{77D49758-9C03-4CB2-8D34-5BC6FE3407C5}.AppStore|iPhone.ActiveCfg = Release|Any CPU
		{77D49758-9C03-4CB2-8D34-5BC6FE3407C5}.AppStore|iPhone.Build.0 = Release|Any CPU
		{77D49758-9C03-4CB2-8D34-5BC6FE3407C5}.AppStore|iPhoneSimulator.ActiveCfg = Release|Any CPU
		{77D49758-9C03-4CB2-8D34-5BC6FE3407C5}.AppStore|iPhoneSimulator.Build.0 = Release|Any CPU
		{77D49758-9C03-4CB2-8D34-5BC6FE3407C5}.AppStore|x86.ActiveCfg = Release|Any CPU
		{77D49758-9C03-4CB2-8D34-5BC6FE3407C5}.AppStore|x86.Build.0 = Release|Any CPU
		{77D49758-9C03-4CB2-8D34-5BC6FE3407C5}.Debug|Any CPU.ActiveCfg = Debug|Any CPU
		{77D49758-9C03-4CB2-8D34-5BC6FE3407C5}.Debug|Any CPU.Build.0 = Debug|Any CPU
		{77D49758-9C03-4CB2-8D34-5BC6FE3407C5}.Debug|ARM.ActiveCfg = Debug|Any CPU
		{77D49758-9C03-4CB2-8D34-5BC6FE3407C5}.Debug|ARM.Build.0 = Debug|Any CPU
		{77D49758-9C03-4CB2-8D34-5BC6FE3407C5}.Debug|iPhone.ActiveCfg = Debug|Any CPU
		{77D49758-9C03-4CB2-8D34-5BC6FE3407C5}.Debug|iPhone.Build.0 = Debug|Any CPU
		{77D49758-9C03-4CB2-8D34-5BC6FE3407C5}.Debug|iPhoneSimulator.ActiveCfg = Debug|Any CPU
		{77D49758-9C03-4CB2-8D34-5BC6FE3407C5}.Debug|iPhoneSimulator.Build.0 = Debug|Any CPU
		{77D49758-9C03-4CB2-8D34-5BC6FE3407C5}.Debug|x86.ActiveCfg = Debug|Any CPU
		{77D49758-9C03-4CB2-8D34-5BC6FE3407C5}.Debug|x86.Build.0 = Debug|Any CPU
		{77D49758-9C03-4CB2-8D34-5BC6FE3407C5}.Release|Any CPU.ActiveCfg = Release|Any CPU
		{77D49758-9C03-4CB2-8D34-5BC6FE3407C5}.Release|Any CPU.Build.0 = Release|Any CPU
		{77D49758-9C03-4CB2-8D34-5BC6FE3407C5}.Release|ARM.ActiveCfg = Release|Any CPU
		{77D49758-9C03-4CB2-8D34-5BC6FE3407C5}.Release|ARM.Build.0 = Release|Any CPU
		{77D49758-9C03-4CB2-8D34-5BC6FE3407C5}.Release|iPhone.ActiveCfg = Release|Any CPU
		{77D49758-9C03-4CB2-8D34-5BC6FE3407C5}.Release|iPhone.Build.0 = Release|Any CPU
		{77D49758-9C03-4CB2-8D34-5BC6FE3407C5}.Release|iPhoneSimulator.ActiveCfg = Release|Any CPU
		{77D49758-9C03-4CB2-8D34-5BC6FE3407C5}.Release|iPhoneSimulator.Build.0 = Release|Any CPU
		{77D49758-9C03-4CB2-8D34-5BC6FE3407C5}.Release|x86.ActiveCfg = Release|Any CPU
		{77D49758-9C03-4CB2-8D34-5BC6FE3407C5}.Release|x86.Build.0 = Release|Any CPU
		{04DC74DF-69AF-42AC-BF69-1CA9CDE94A81}.Ad-Hoc|Any CPU.ActiveCfg = Ad-Hoc|iPhone
		{04DC74DF-69AF-42AC-BF69-1CA9CDE94A81}.Ad-Hoc|ARM.ActiveCfg = Ad-Hoc|iPhone
		{04DC74DF-69AF-42AC-BF69-1CA9CDE94A81}.Ad-Hoc|iPhone.ActiveCfg = Ad-Hoc|iPhone
		{04DC74DF-69AF-42AC-BF69-1CA9CDE94A81}.Ad-Hoc|iPhone.Build.0 = Ad-Hoc|iPhone
		{04DC74DF-69AF-42AC-BF69-1CA9CDE94A81}.Ad-Hoc|iPhoneSimulator.ActiveCfg = Ad-Hoc|iPhoneSimulator
		{04DC74DF-69AF-42AC-BF69-1CA9CDE94A81}.Ad-Hoc|iPhoneSimulator.Build.0 = Ad-Hoc|iPhoneSimulator
		{04DC74DF-69AF-42AC-BF69-1CA9CDE94A81}.Ad-Hoc|x86.ActiveCfg = Ad-Hoc|iPhone
		{04DC74DF-69AF-42AC-BF69-1CA9CDE94A81}.AppStore|Any CPU.ActiveCfg = AppStore|iPhone
		{04DC74DF-69AF-42AC-BF69-1CA9CDE94A81}.AppStore|ARM.ActiveCfg = AppStore|iPhone
		{04DC74DF-69AF-42AC-BF69-1CA9CDE94A81}.AppStore|iPhone.ActiveCfg = AppStore|iPhone
		{04DC74DF-69AF-42AC-BF69-1CA9CDE94A81}.AppStore|iPhone.Build.0 = AppStore|iPhone
		{04DC74DF-69AF-42AC-BF69-1CA9CDE94A81}.AppStore|iPhoneSimulator.ActiveCfg = AppStore|iPhoneSimulator
		{04DC74DF-69AF-42AC-BF69-1CA9CDE94A81}.AppStore|iPhoneSimulator.Build.0 = AppStore|iPhoneSimulator
		{04DC74DF-69AF-42AC-BF69-1CA9CDE94A81}.AppStore|x86.ActiveCfg = AppStore|iPhone
		{04DC74DF-69AF-42AC-BF69-1CA9CDE94A81}.Debug|Any CPU.ActiveCfg = Debug|iPhone
		{04DC74DF-69AF-42AC-BF69-1CA9CDE94A81}.Debug|ARM.ActiveCfg = Debug|iPhone
		{04DC74DF-69AF-42AC-BF69-1CA9CDE94A81}.Debug|iPhone.ActiveCfg = Debug|iPhone
		{04DC74DF-69AF-42AC-BF69-1CA9CDE94A81}.Debug|iPhone.Build.0 = Debug|iPhone
		{04DC74DF-69AF-42AC-BF69-1CA9CDE94A81}.Debug|iPhoneSimulator.ActiveCfg = Debug|iPhoneSimulator
		{04DC74DF-69AF-42AC-BF69-1CA9CDE94A81}.Debug|iPhoneSimulator.Build.0 = Debug|iPhoneSimulator
		{04DC74DF-69AF-42AC-BF69-1CA9CDE94A81}.Debug|x86.ActiveCfg = Debug|iPhone
		{04DC74DF-69AF-42AC-BF69-1CA9CDE94A81}.Release|Any CPU.ActiveCfg = Release|iPhone
		{04DC74DF-69AF-42AC-BF69-1CA9CDE94A81}.Release|ARM.ActiveCfg = Release|iPhone
		{04DC74DF-69AF-42AC-BF69-1CA9CDE94A81}.Release|iPhone.ActiveCfg = Release|iPhone
		{04DC74DF-69AF-42AC-BF69-1CA9CDE94A81}.Release|iPhone.Build.0 = Release|iPhone
		{04DC74DF-69AF-42AC-BF69-1CA9CDE94A81}.Release|iPhoneSimulator.ActiveCfg = Release|iPhoneSimulator
		{04DC74DF-69AF-42AC-BF69-1CA9CDE94A81}.Release|iPhoneSimulator.Build.0 = Release|iPhoneSimulator
		{04DC74DF-69AF-42AC-BF69-1CA9CDE94A81}.Release|x86.ActiveCfg = Release|iPhone
		{1477ABDA-674F-44B7-9BD1-0127B64E6807}.Ad-Hoc|Any CPU.ActiveCfg = Release|Any CPU
		{1477ABDA-674F-44B7-9BD1-0127B64E6807}.Ad-Hoc|Any CPU.Build.0 = Release|Any CPU
		{1477ABDA-674F-44B7-9BD1-0127B64E6807}.Ad-Hoc|Any CPU.Deploy.0 = Release|Any CPU
		{1477ABDA-674F-44B7-9BD1-0127B64E6807}.Ad-Hoc|ARM.ActiveCfg = Release|Any CPU
		{1477ABDA-674F-44B7-9BD1-0127B64E6807}.Ad-Hoc|ARM.Build.0 = Release|Any CPU
		{1477ABDA-674F-44B7-9BD1-0127B64E6807}.Ad-Hoc|ARM.Deploy.0 = Release|Any CPU
		{1477ABDA-674F-44B7-9BD1-0127B64E6807}.Ad-Hoc|iPhone.ActiveCfg = Release|Any CPU
		{1477ABDA-674F-44B7-9BD1-0127B64E6807}.Ad-Hoc|iPhone.Build.0 = Release|Any CPU
		{1477ABDA-674F-44B7-9BD1-0127B64E6807}.Ad-Hoc|iPhone.Deploy.0 = Release|Any CPU
		{1477ABDA-674F-44B7-9BD1-0127B64E6807}.Ad-Hoc|iPhoneSimulator.ActiveCfg = Release|Any CPU
		{1477ABDA-674F-44B7-9BD1-0127B64E6807}.Ad-Hoc|iPhoneSimulator.Build.0 = Release|Any CPU
		{1477ABDA-674F-44B7-9BD1-0127B64E6807}.Ad-Hoc|iPhoneSimulator.Deploy.0 = Release|Any CPU
		{1477ABDA-674F-44B7-9BD1-0127B64E6807}.Ad-Hoc|x86.ActiveCfg = Release|Any CPU
		{1477ABDA-674F-44B7-9BD1-0127B64E6807}.Ad-Hoc|x86.Build.0 = Release|Any CPU
		{1477ABDA-674F-44B7-9BD1-0127B64E6807}.Ad-Hoc|x86.Deploy.0 = Release|Any CPU
		{1477ABDA-674F-44B7-9BD1-0127B64E6807}.AppStore|Any CPU.ActiveCfg = Release|Any CPU
		{1477ABDA-674F-44B7-9BD1-0127B64E6807}.AppStore|Any CPU.Build.0 = Release|Any CPU
		{1477ABDA-674F-44B7-9BD1-0127B64E6807}.AppStore|Any CPU.Deploy.0 = Release|Any CPU
		{1477ABDA-674F-44B7-9BD1-0127B64E6807}.AppStore|ARM.ActiveCfg = Release|Any CPU
		{1477ABDA-674F-44B7-9BD1-0127B64E6807}.AppStore|ARM.Build.0 = Release|Any CPU
		{1477ABDA-674F-44B7-9BD1-0127B64E6807}.AppStore|ARM.Deploy.0 = Release|Any CPU
		{1477ABDA-674F-44B7-9BD1-0127B64E6807}.AppStore|iPhone.ActiveCfg = Release|Any CPU
		{1477ABDA-674F-44B7-9BD1-0127B64E6807}.AppStore|iPhone.Build.0 = Release|Any CPU
		{1477ABDA-674F-44B7-9BD1-0127B64E6807}.AppStore|iPhone.Deploy.0 = Release|Any CPU
		{1477ABDA-674F-44B7-9BD1-0127B64E6807}.AppStore|iPhoneSimulator.ActiveCfg = Release|Any CPU
		{1477ABDA-674F-44B7-9BD1-0127B64E6807}.AppStore|iPhoneSimulator.Build.0 = Release|Any CPU
		{1477ABDA-674F-44B7-9BD1-0127B64E6807}.AppStore|iPhoneSimulator.Deploy.0 = Release|Any CPU
		{1477ABDA-674F-44B7-9BD1-0127B64E6807}.AppStore|x86.ActiveCfg = Release|Any CPU
		{1477ABDA-674F-44B7-9BD1-0127B64E6807}.AppStore|x86.Build.0 = Release|Any CPU
		{1477ABDA-674F-44B7-9BD1-0127B64E6807}.AppStore|x86.Deploy.0 = Release|Any CPU
		{1477ABDA-674F-44B7-9BD1-0127B64E6807}.Debug|Any CPU.ActiveCfg = Debug|Any CPU
		{1477ABDA-674F-44B7-9BD1-0127B64E6807}.Debug|Any CPU.Build.0 = Debug|Any CPU
		{1477ABDA-674F-44B7-9BD1-0127B64E6807}.Debug|Any CPU.Deploy.0 = Debug|Any CPU
		{1477ABDA-674F-44B7-9BD1-0127B64E6807}.Debug|ARM.ActiveCfg = Debug|Any CPU
		{1477ABDA-674F-44B7-9BD1-0127B64E6807}.Debug|ARM.Build.0 = Debug|Any CPU
		{1477ABDA-674F-44B7-9BD1-0127B64E6807}.Debug|ARM.Deploy.0 = Debug|Any CPU
		{1477ABDA-674F-44B7-9BD1-0127B64E6807}.Debug|iPhone.ActiveCfg = Debug|Any CPU
		{1477ABDA-674F-44B7-9BD1-0127B64E6807}.Debug|iPhone.Build.0 = Debug|Any CPU
		{1477ABDA-674F-44B7-9BD1-0127B64E6807}.Debug|iPhone.Deploy.0 = Debug|Any CPU
		{1477ABDA-674F-44B7-9BD1-0127B64E6807}.Debug|iPhoneSimulator.ActiveCfg = Debug|Any CPU
		{1477ABDA-674F-44B7-9BD1-0127B64E6807}.Debug|iPhoneSimulator.Build.0 = Debug|Any CPU
		{1477ABDA-674F-44B7-9BD1-0127B64E6807}.Debug|iPhoneSimulator.Deploy.0 = Debug|Any CPU
		{1477ABDA-674F-44B7-9BD1-0127B64E6807}.Debug|x86.ActiveCfg = Debug|Any CPU
		{1477ABDA-674F-44B7-9BD1-0127B64E6807}.Debug|x86.Build.0 = Debug|Any CPU
		{1477ABDA-674F-44B7-9BD1-0127B64E6807}.Debug|x86.Deploy.0 = Debug|Any CPU
		{1477ABDA-674F-44B7-9BD1-0127B64E6807}.Release|Any CPU.ActiveCfg = Release|Any CPU
		{1477ABDA-674F-44B7-9BD1-0127B64E6807}.Release|Any CPU.Build.0 = Release|Any CPU
		{1477ABDA-674F-44B7-9BD1-0127B64E6807}.Release|Any CPU.Deploy.0 = Release|Any CPU
		{1477ABDA-674F-44B7-9BD1-0127B64E6807}.Release|ARM.ActiveCfg = Release|Any CPU
		{1477ABDA-674F-44B7-9BD1-0127B64E6807}.Release|ARM.Build.0 = Release|Any CPU
		{1477ABDA-674F-44B7-9BD1-0127B64E6807}.Release|ARM.Deploy.0 = Release|Any CPU
		{1477ABDA-674F-44B7-9BD1-0127B64E6807}.Release|iPhone.ActiveCfg = Release|Any CPU
		{1477ABDA-674F-44B7-9BD1-0127B64E6807}.Release|iPhone.Build.0 = Release|Any CPU
		{1477ABDA-674F-44B7-9BD1-0127B64E6807}.Release|iPhone.Deploy.0 = Release|Any CPU
		{1477ABDA-674F-44B7-9BD1-0127B64E6807}.Release|iPhoneSimulator.ActiveCfg = Release|Any CPU
		{1477ABDA-674F-44B7-9BD1-0127B64E6807}.Release|iPhoneSimulator.Build.0 = Release|Any CPU
		{1477ABDA-674F-44B7-9BD1-0127B64E6807}.Release|iPhoneSimulator.Deploy.0 = Release|Any CPU
		{1477ABDA-674F-44B7-9BD1-0127B64E6807}.Release|x86.ActiveCfg = Release|Any CPU
		{1477ABDA-674F-44B7-9BD1-0127B64E6807}.Release|x86.Build.0 = Release|Any CPU
		{1477ABDA-674F-44B7-9BD1-0127B64E6807}.Release|x86.Deploy.0 = Release|Any CPU
	EndGlobalSection
	GlobalSection(SolutionProperties) = preSolution
		HideSolutionNode = FALSE
	EndGlobalSection
EndGlobal
